
Microsoft Visual Studio Solution File, Format Version 12.00
# Visual Studio Version 17
VisualStudioVersion = 17.13.35818.85
MinimumVisualStudioVersion = 10.0.40219.1
Project("{FAE04EC0-301F-11D3-BF4B-00C04F79EFBC}") = "CarMechanic.Server", "CarMechanic.Server.csproj", "{B3B70B1A-F05C-4592-BC13-7B81C5D13697}"
EndProject
Project("{FAE04EC0-301F-11D3-BF4B-00C04F79EFBC}") = "CarMechanic.Client", "..\CarMechanic.Client\CarMechanic.Client.csproj", "{40E30D91-7E0C-410E-B294-7B72BEFB4D48}"
EndProject
Project("{FAE04EC0-301F-11D3-BF4B-00C04F79EFBC}") = "CarMechanic.Shared", "..\CarMechanic.Shared\CarMechanic.Shared.csproj", "{7B3B1F59-2912-4807-B38D-51A80B15FC12}"
EndProject
Project("{FAE04EC0-301F-11D3-BF4B-00C04F79EFBC}") = "CarMechanic.Tests", "..\CarMechanic.Tests\CarMechanic.Tests.csproj", "{D07859D0-07EA-4171-9925-E6FF3376FA09}"
EndProject
Global
	GlobalSection(SolutionConfigurationPlatforms) = preSolution
		Debug|Any CPU = Debug|Any CPU
		Release|Any CPU = Release|Any CPU
	EndGlobalSection
	GlobalSection(ProjectConfigurationPlatforms) = postSolution
		{B3B70B1A-F05C-4592-BC13-7B81C5D13697}.Debug|Any CPU.ActiveCfg = Debug|Any CPU
		{B3B70B1A-F05C-4592-BC13-7B81C5D13697}.Debug|Any CPU.Build.0 = Debug|Any CPU
		{B3B70B1A-F05C-4592-BC13-7B81C5D13697}.Release|Any CPU.ActiveCfg = Release|Any CPU
		{B3B70B1A-F05C-4592-BC13-7B81C5D13697}.Release|Any CPU.Build.0 = Release|Any CPU
		{40E30D91-7E0C-410E-B294-7B72BEFB4D48}.Debug|Any CPU.ActiveCfg = Debug|Any CPU
		{40E30D91-7E0C-410E-B294-7B72BEFB4D48}.Debug|Any CPU.Build.0 = Debug|Any CPU
		{40E30D91-7E0C-410E-B294-7B72BEFB4D48}.Release|Any CPU.ActiveCfg = Release|Any CPU
		{40E30D91-7E0C-410E-B294-7B72BEFB4D48}.Release|Any CPU.Build.0 = Release|Any CPU
		{7B3B1F59-2912-4807-B38D-51A80B15FC12}.Debug|Any CPU.ActiveCfg = Debug|Any CPU
		{7B3B1F59-2912-4807-B38D-51A80B15FC12}.Debug|Any CPU.Build.0 = Debug|Any CPU
		{7B3B1F59-2912-4807-B38D-51A80B15FC12}.Release|Any CPU.ActiveCfg = Release|Any CPU
		{7B3B1F59-2912-4807-B38D-51A80B15FC12}.Release|Any CPU.Build.0 = Release|Any CPU
		{D07859D0-07EA-4171-9925-E6FF3376FA09}.Debug|Any CPU.ActiveCfg = Debug|Any CPU
		{D07859D0-07EA-4171-9925-E6FF3376FA09}.Debug|Any CPU.Build.0 = Debug|Any CPU
		{D07859D0-07EA-4171-9925-E6FF3376FA09}.Release|Any CPU.ActiveCfg = Release|Any CPU
		{D07859D0-07EA-4171-9925-E6FF3376FA09}.Release|Any CPU.Build.0 = Release|Any CPU
	EndGlobalSection
	GlobalSection(SolutionProperties) = preSolution
		HideSolutionNode = FALSE
	EndGlobalSection
	GlobalSection(ExtensibilityGlobals) = postSolution
		SolutionGuid = {AFE59232-FD6C-48D0-ABF7-BA4147C61092}
	EndGlobalSection
EndGlobal
